github.com/SherClockHolmes/webpush-go v1.2.0 h1:sGv0/ZWCvb1HUH+izLqrb2i68HuqD/0Y+AmGQfyqKJA=
github.com/SherClockHolmes/webpush-go v1.2.0/go.mod h1:w6X47YApe/B9wUz2Wh8xukxlyupaxSSEbu6yKJcHN2w=
github.com/golang-jwt/jwt v3.2.2+incompatible h1:IfV12K8xAKAnZqdXVzCZ+TOjboZ2keLg81eXfW3O+oY=
github.com/golang-jwt/jwt v3.2.2+incompatible/go.mod h1:8pz2t5EyA70fFQQSrl6XZXzqecmYZeUEB8OUGHkxJ+I=
github.com/leighmurray/omedb v0.0.0-20220513204101-7263a8c786e1 h1:Ue3U6wJW8lG3DXzYG01byUFwBOu7oE22Jopui28+06E=
github.com/leighmurray/omedb v0.0.0-20220513204101-7263a8c786e1/go.mod h1:zbP8T+kTi2s4O3Di57N9+KkM1i0eyYGQVJw+xa2m5L0=
github.com/leighmurray/omedb v0.0.0-20220513211757-b42098eae8b9 h1:k4qYPa5bx+DG+Y2FFiWjdGDbeLRNFEgwqh+UDVlH3Cg=
github.com/leighmurray/omedb v0.0.0-20220513211757-b42098eae8b9/go.mod h1:zbP8T+kTi2s4O3Di57N9+KkM1i0eyYGQVJw+xa2m5L0=
github.com/leighmurray/omedb v0.0.0-20220513212703-be8eddf4e811 h1:rOIxQYlEKBxX8xazl4zPQacCY48LUBumgc3+7szZZPM=
github.com/leighmurray/omedb v0.0.0-20220513212703-be8eddf4e811/go.mod h1:zbP8T+kTi2s4O3Di57N9+KkM1i0eyYGQVJw+xa2m5L0=
github.com/leighmurray/omedb v0.0.0-20220513213035-83bf9e946c91 h1:VjYZefLQCwDPWt8gZoEbCAwsHWm5MfrGchhORfl/HX8=
github.com/leighmurray/omedb v0.0.0-20220513213035-83bf9e946c91/go.mod h1:zbP8T+kTi2s4O3Di57N9+KkM1i0eyYGQVJw+xa2m5L0=
github.com/leighmurray/omedb v0.0.0-20220513213528-5f30cbfcf900 h1:PxZ2D51Td1iclRtdEmQPYU9+ODn1c8GP78CHv6F0/KI=
github.com/leighmurray/omedb v0.0.0-20220513213528-5f30cbfcf900/go.mod h1:zbP8T+kTi2s4O3Di57N9+KkM1i0eyYGQVJw+xa2m5L0=
github.com/leighmurray/omedb v0.0.0-20220513213815-722066b78061 h1:0MiXyWJM4ZD1GN5zpxCM8RJJzte1mu346HvbdOTlcqE=
github.com/leighmurray/omedb v0.0.0-20220513213815-722066b78061/go.mod h1:zbP8T+kTi2s4O3Di57N9+KkM1i0eyYGQVJw+xa2m5L0=
github.com/leighmurray/omedb v0.0.0-20220513214005-cfba6acc6646 h1:Knxgs5JkqbIso4fjYlYA5yiti94PCHKhsku/kRo1sJY=
github.com/leighmurray/omedb v0.0.0-20220513214005-cfba6acc6646/go.mod h1:zbP8T+kTi2s4O3Di57N9+KkM1i0eyYGQVJw+xa2m5L0=
go.etcd.io/bbolt v1.3.6 h1:/ecaJf0sk1l4l6V4awd65v2C3ILy7MSj+s/x1ADCIMU=
go.etcd.io/bbolt v1.3.6/go.mod h1:qXsaaIqmgQH0T+OPdb99Bf+PKfBBQVAdyD6TY9G8XM4=
golang.org/x/crypto v0.0.0-20190131182504-b8fe1690c613 h1:MQ/ZZiDsUapFFiMS+vzwXkCTeEKaum+Do5rINYJDmxc=
golang.org/x/crypto v0.0.0-20190131182504-b8fe1690c613/go.mod h1:6SG95UA2DQfeDnfUPMdvaQW0Q7yPrPDi9nlGo2tz2b4=
golang.org/x/sys v0.0.0-20200923182605-d9f96fdee20d h1:L/IKR6COd7ubZrs2oTnTi73IhgqJ71c9s80WsQnh0Es=
golang.org/x/sys v0.0.0-20200923182605-d9f96fdee20d/go.mod h1:h1NjWce9XRLGQEsW7wpKNCjG9DtNlClVuFLEZdDNbEs=
